
Microsoft Visual Studio Solution File, Format Version 12.00
# Visual Studio Version 17
VisualStudioVersion = 17.7.34003.232
MinimumVisualStudioVersion = 10.0.40219.1
Project("{9A19103F-16F7-4668-BE54-9A1E7A4F7556}") = "backend", "backend\backend.csproj", "{458CA6FB-4EFB-4447-A2A5-50F58E0B8F68}"
EndProject
Project("{9A19103F-16F7-4668-BE54-9A1E7A4F7556}") = "WpfApp1", "WpfApp1\WpfApp1.csproj", "{E80D4EE0-DFB5-4BC0-A994-4E291FC7976F}"
EndProject
Project("{FAE04EC0-301F-11D3-BF4B-00C04F79EFBC}") = "Shared", "Shared\Shared.csproj", "{2C46F0BC-09CA-4A62-930D-0489779D3A13}"
EndProject
Global
	GlobalSection(SolutionConfigurationPlatforms) = preSolution
		Debug|Any CPU = Debug|Any CPU
		Release|Any CPU = Release|Any CPU
	EndGlobalSection
	GlobalSection(ProjectConfigurationPlatforms) = postSolution
		{458CA6FB-4EFB-4447-A2A5-50F58E0B8F68}.Debug|Any CPU.ActiveCfg = Debug|Any CPU
		{458CA6FB-4EFB-4447-A2A5-50F58E0B8F68}.Debug|Any CPU.Build.0 = Debug|Any CPU
		{458CA6FB-4EFB-4447-A2A5-50F58E0B8F68}.Release|Any CPU.ActiveCfg = Release|Any CPU
		{458CA6FB-4EFB-4447-A2A5-50F58E0B8F68}.Release|Any CPU.Build.0 = Release|Any CPU
		{E80D4EE0-DFB5-4BC0-A994-4E291FC7976F}.Debug|Any CPU.ActiveCfg = Debug|Any CPU
		{E80D4EE0-DFB5-4BC0-A994-4E291FC7976F}.Debug|Any CPU.Build.0 = Debug|Any CPU
		{E80D4EE0-DFB5-4BC0-A994-4E291FC7976F}.Release|Any CPU.ActiveCfg = Release|Any CPU
		{E80D4EE0-DFB5-4BC0-A994-4E291FC7976F}.Release|Any CPU.Build.0 = Release|Any CPU
		{2C46F0BC-09CA-4A62-930D-0489779D3A13}.Debug|Any CPU.ActiveCfg = Debug|Any CPU
		{2C46F0BC-09CA-4A62-930D-0489779D3A13}.Debug|Any CPU.Build.0 = Debug|Any CPU
		{2C46F0BC-09CA-4A62-930D-0489779D3A13}.Release|Any CPU.ActiveCfg = Release|Any CPU
		{2C46F0BC-09CA-4A62-930D-0489779D3A13}.Release|Any CPU.Build.0 = Release|Any CPU
	EndGlobalSection
	GlobalSection(SolutionProperties) = preSolution
		HideSolutionNode = FALSE
	EndGlobalSection
	GlobalSection(ExtensibilityGlobals) = postSolution
		SolutionGuid = {A7F4ED68-AF52-4058-B0C3-EB5F09988965}
	EndGlobalSection
EndGlobal
