
Microsoft Visual Studio Solution File, Format Version 12.00
Project("{FAE04EC0-301F-11D3-BF4B-00C04F79EFBC}") = "backend", "backend.csproj", "{91621240-FA14-43AF-9EDD-9271BD888150}"
EndProject
Global
	GlobalSection(SolutionConfigurationPlatforms) = preSolution
		Debug|Any CPU = Debug|Any CPU
		Release|Any CPU = Release|Any CPU
	EndGlobalSection
	GlobalSection(ProjectConfigurationPlatforms) = postSolution
		{91621240-FA14-43AF-9EDD-9271BD888150}.Debug|Any CPU.ActiveCfg = Debug|Any CPU
		{91621240-FA14-43AF-9EDD-9271BD888150}.Debug|Any CPU.Build.0 = Debug|Any CPU
		{91621240-FA14-43AF-9EDD-9271BD888150}.Release|Any CPU.ActiveCfg = Release|Any CPU
		{91621240-FA14-43AF-9EDD-9271BD888150}.Release|Any CPU.Build.0 = Release|Any CPU
	EndGlobalSection
EndGlobal
